
Microsoft Visual Studio Solution File, Format Version 12.00
# Visual Studio Version 17
VisualStudioVersion = 17.5.33530.505
MinimumVisualStudioVersion = 10.0.40219.1
Project("{9A19103F-16F7-4668-BE54-9A1E7A4F7556}") = "MyBlogAPI", "MyBlogAPI\MyBlogAPI.csproj", "{13684F79-6C2A-4E33-88EE-0F5C1978C7C5}"
	ProjectSection(ProjectDependencies) = postProject
		{1E28D58B-8E74-407A-B5C1-1B60DB38AB18} = {1E28D58B-8E74-407A-B5C1-1B60DB38AB18}
	EndProjectSection
EndProject
Project("{FAE04EC0-301F-11D3-BF4B-00C04F79EFBC}") = "MyBlogMVC", "MyBlogMVC\MyBlogMVC.csproj", "{1E28D58B-8E74-407A-B5C1-1B60DB38AB18}"
EndProject
Global
	GlobalSection(SolutionConfigurationPlatforms) = preSolution
		Debug|Any CPU = Debug|Any CPU
		Release|Any CPU = Release|Any CPU
	EndGlobalSection
	GlobalSection(ProjectConfigurationPlatforms) = postSolution
		{13684F79-6C2A-4E33-88EE-0F5C1978C7C5}.Debug|Any CPU.ActiveCfg = Debug|Any CPU
		{13684F79-6C2A-4E33-88EE-0F5C1978C7C5}.Debug|Any CPU.Build.0 = Debug|Any CPU
		{13684F79-6C2A-4E33-88EE-0F5C1978C7C5}.Release|Any CPU.ActiveCfg = Release|Any CPU
		{13684F79-6C2A-4E33-88EE-0F5C1978C7C5}.Release|Any CPU.Build.0 = Release|Any CPU
		{1E28D58B-8E74-407A-B5C1-1B60DB38AB18}.Debug|Any CPU.ActiveCfg = Debug|Any CPU
		{1E28D58B-8E74-407A-B5C1-1B60DB38AB18}.Debug|Any CPU.Build.0 = Debug|Any CPU
		{1E28D58B-8E74-407A-B5C1-1B60DB38AB18}.Release|Any CPU.ActiveCfg = Release|Any CPU
		{1E28D58B-8E74-407A-B5C1-1B60DB38AB18}.Release|Any CPU.Build.0 = Release|Any CPU
	EndGlobalSection
	GlobalSection(SolutionProperties) = preSolution
		HideSolutionNode = FALSE
	EndGlobalSection
	GlobalSection(ExtensibilityGlobals) = postSolution
		SolutionGuid = {12B152EF-6FB9-42D2-B2CA-63B77FF6BC0D}
	EndGlobalSection
EndGlobal
